// !$*UTF8*$!
{
	archiveVersion = 1;
	classes = {
	};
	objectVersion = 55;
	objects = {

/* Begin PBXBuildFile section */
		D7C22A3628CB3193008641B9 /* AppDelegate.swift in Sources */ = {isa = PBXBuildFile; fileRef = D7C22A3528CB3193008641B9 /* AppDelegate.swift */; };
		D7C22A3828CB3193008641B9 /* SceneDelegate.swift in Sources */ = {isa = PBXBuildFile; fileRef = D7C22A3728CB3193008641B9 /* SceneDelegate.swift */; };
		D7C22A3A28CB3193008641B9 /* ViewController.swift in Sources */ = {isa = PBXBuildFile; fileRef = D7C22A3928CB3193008641B9 /* ViewController.swift */; };
		D7C22A3D28CB3193008641B9 /* Main.storyboard in Resources */ = {isa = PBXBuildFile; fileRef = D7C22A3B28CB3193008641B9 /* Main.storyboard */; };
		D7C22A3F28CB3194008641B9 /* Assets.xcassets in Resources */ = {isa = PBXBuildFile; fileRef = D7C22A3E28CB3194008641B9 /* Assets.xcassets */; };
		D7C22A4228CB3194008641B9 /* LaunchScreen.storyboard in Resources */ = {isa = PBXBuildFile; fileRef = D7C22A4028CB3194008641B9 /* LaunchScreen.storyboard */; };
		D7C22A4D28CB3194008641B9 /* tabbarTests.swift in Sources */ = {isa = PBXBuildFile; fileRef = D7C22A4C28CB3194008641B9 /* tabbarTests.swift */; };
		D7C22A5728CB3194008641B9 /* tabbarUITests.swift in Sources */ = {isa = PBXBuildFile; fileRef = D7C22A5628CB3194008641B9 /* tabbarUITests.swift */; };
		D7C22A5928CB3194008641B9 /* tabbarUITestsLaunchTests.swift in Sources */ = {isa = PBXBuildFile; fileRef = D7C22A5828CB3194008641B9 /* tabbarUITestsLaunchTests.swift */; };
/* End PBXBuildFile section */

/* Begin PBXContainerItemProxy section */
		D7C22A4928CB3194008641B9 /* PBXContainerItemProxy */ = {
			isa = PBXContainerItemProxy;
			containerPortal = D7C22A2A28CB3193008641B9 /* Project object */;
			proxyType = 1;
			remoteGlobalIDString = D7C22A3128CB3193008641B9;
			remoteInfo = tabbar;
		};
		D7C22A5328CB3194008641B9 /* PBXContainerItemProxy */ = {
			isa = PBXContainerItemProxy;
			containerPortal = D7C22A2A28CB3193008641B9 /* Project object */;
			proxyType = 1;
			remoteGlobalIDString = D7C22A3128CB3193008641B9;
			remoteInfo = tabbar;
		};
/* End PBXContainerItemProxy section */

/* Begin PBXFileReference section */
		D7C22A3228CB3193008641B9 /* tabbar.app */ = {isa = PBXFileReference; explicitFileType = wrapper.application; includeInIndex = 0; path = tabbar.app; sourceTree = BUILT_PRODUCTS_DIR; };
		D7C22A3528CB3193008641B9 /* AppDelegate.swift */ = {isa = PBXFileReference; lastKnownFileType = sourcecode.swift; path = AppDelegate.swift; sourceTree = "<group>"; };
		D7C22A3728CB3193008641B9 /* SceneDelegate.swift */ = {isa = PBXFileReference; lastKnownFileType = sourcecode.swift; path = SceneDelegate.swift; sourceTree = "<group>"; };
		D7C22A3928CB3193008641B9 /* ViewController.swift */ = {isa = PBXFileReference; lastKnownFileType = sourcecode.swift; path = ViewController.swift; sourceTree = "<group>"; };
		D7C22A3C28CB3193008641B9 /* Base */ = {isa = PBXFileReference; lastKnownFileType = file.storyboard; name = Base; path = Base.lproj/Main.storyboard; sourceTree = "<group>"; };
		D7C22A3E28CB3194008641B9 /* Assets.xcassets */ = {isa = PBXFileReference; lastKnownFileType = folder.assetcatalog; path = Assets.xcassets; sourceTree = "<group>"; };
		D7C22A4128CB3194008641B9 /* Base */ = {isa = PBXFileReference; lastKnownFileType = file.storyboard; name = Base; path = Base.lproj/LaunchScreen.storyboard; sourceTree = "<group>"; };
		D7C22A4328CB3194008641B9 /* Info.plist */ = {isa = PBXFileReference; lastKnownFileType = text.plist.xml; path = Info.plist; sourceTree = "<group>"; };
		D7C22A4828CB3194008641B9 /* tabbarTests.xctest */ = {isa = PBXFileReference; explicitFileType = wrapper.cfbundle; includeInIndex = 0; path = tabbarTests.xctest; sourceTree = BUILT_PRODUCTS_DIR; };
		D7C22A4C28CB3194008641B9 /* tabbarTests.swift */ = {isa = PBXFileReference; lastKnownFileType = sourcecode.swift; path = tabbarTests.swift; sourceTree = "<group>"; };
		D7C22A5228CB3194008641B9 /* tabbarUITests.xctest */ = {isa = PBXFileReference; explicitFileType = wrapper.cfbundle; includeInIndex = 0; path = tabbarUITests.xctest; sourceTree = BUILT_PRODUCTS_DIR; };
		D7C22A5628CB3194008641B9 /* tabbarUITests.swift */ = {isa = PBXFileReference; lastKnownFileType = sourcecode.swift; path = tabbarUITests.swift; sourceTree = "<group>"; };
		D7C22A5828CB3194008641B9 /* tabbarUITestsLaunchTests.swift */ = {isa = PBXFileReference; lastKnownFileType = sourcecode.swift; path = tabbarUITestsLaunchTests.swift; sourceTree = "<group>"; };
/* End PBXFileReference section */

/* Begin PBXFrameworksBuildPhase section */
		D7C22A2F28CB3193008641B9 /* Frameworks */ = {
			isa = PBXFrameworksBuildPhase;
			buildActionMask = 2147483647;
			files = (
			);
			runOnlyForDeploymentPostprocessing = 0;
		};
		D7C22A4528CB3194008641B9 /* Frameworks */ = {
			isa = PBXFrameworksBuildPhase;
			buildActionMask = 2147483647;
			files = (
			);
			runOnlyForDeploymentPostprocessing = 0;
		};
		D7C22A4F28CB3194008641B9 /* Frameworks */ = {
			isa = PBXFrameworksBuildPhase;
			buildActionMask = 2147483647;
			files = (
			);
			runOnlyForDeploymentPostprocessing = 0;
		};
/* End PBXFrameworksBuildPhase section */

/* Begin PBXGroup section */
		D7C22A2928CB3193008641B9 = {
			isa = PBXGroup;
			children = (
				D7C22A3428CB3193008641B9 /* tabbar */,
				D7C22A4B28CB3194008641B9 /* tabbarTests */,
				D7C22A5528CB3194008641B9 /* tabbarUITests */,
				D7C22A3328CB3193008641B9 /* Products */,
			);
			sourceTree = "<group>";
		};
		D7C22A3328CB3193008641B9 /* Products */ = {
			isa = PBXGroup;
			children = (
				D7C22A3228CB3193008641B9 /* tabbar.app */,
				D7C22A4828CB3194008641B9 /* tabbarTests.xctest */,
				D7C22A5228CB3194008641B9 /* tabbarUITests.xctest */,
			);
			name = Products;
			sourceTree = "<group>";
		};
		D7C22A3428CB3193008641B9 /* tabbar */ = {
			isa = PBXGroup;
			children = (
				D7C22A3528CB3193008641B9 /* AppDelegate.swift */,
				D7C22A3728CB3193008641B9 /* SceneDelegate.swift */,
				D7C22A3928CB3193008641B9 /* ViewController.swift */,
				D7C22A3B28CB3193008641B9 /* Main.storyboard */,
				D7C22A3E28CB3194008641B9 /* Assets.xcassets */,
				D7C22A4028CB3194008641B9 /* LaunchScreen.storyboard */,
				D7C22A4328CB3194008641B9 /* Info.plist */,
			);
			path = tabbar;
			sourceTree = "<group>";
		};
		D7C22A4B28CB3194008641B9 /* tabbarTests */ = {
			isa = PBXGroup;
			children = (
				D7C22A4C28CB3194008641B9 /* tabbarTests.swift */,
			);
			path = tabbarTests;
			sourceTree = "<group>";
		};
		D7C22A5528CB3194008641B9 /* tabbarUITests */ = {
			isa = PBXGroup;
			children = (
				D7C22A5628CB3194008641B9 /* tabbarUITests.swift */,
				D7C22A5828CB3194008641B9 /* tabbarUITestsLaunchTests.swift */,
			);
			path = tabbarUITests;
			sourceTree = "<group>";
		};
/* End PBXGroup section */

/* Begin PBXNativeTarget section */
		D7C22A3128CB3193008641B9 /* tabbar */ = {
			isa = PBXNativeTarget;
			buildConfigurationList = D7C22A5C28CB3194008641B9 /* Build configuration list for PBXNativeTarget "tabbar" */;
			buildPhases = (
				D7C22A2E28CB3193008641B9 /* Sources */,
				D7C22A2F28CB3193008641B9 /* Frameworks */,
				D7C22A3028CB3193008641B9 /* Resources */,
			);
			buildRules = (
			);
			dependencies = (
			);
			name = tabbar;
			productName = tabbar;
			productReference = D7C22A3228CB3193008641B9 /* tabbar.app */;
			productType = "com.apple.product-type.application";
		};
		D7C22A4728CB3194008641B9 /* tabbarTests */ = {
			isa = PBXNativeTarget;
			buildConfigurationList = D7C22A5F28CB3194008641B9 /* Build configuration list for PBXNativeTarget "tabbarTests" */;
			buildPhases = (
				D7C22A4428CB3194008641B9 /* Sources */,
				D7C22A4528CB3194008641B9 /* Frameworks */,
				D7C22A4628CB3194008641B9 /* Resources */,
			);
			buildRules = (
			);
			dependencies = (
				D7C22A4A28CB3194008641B9 /* PBXTargetDependency */,
			);
			name = tabbarTests;
			productName = tabbarTests;
			productReference = D7C22A4828CB3194008641B9 /* tabbarTests.xctest */;
			productType = "com.apple.product-type.bundle.unit-test";
		};
		D7C22A5128CB3194008641B9 /* tabbarUITests */ = {
			isa = PBXNativeTarget;
			buildConfigurationList = D7C22A6228CB3194008641B9 /* Build configuration list for PBXNativeTarget "tabbarUITests" */;
			buildPhases = (
				D7C22A4E28CB3194008641B9 /* Sources */,
				D7C22A4F28CB3194008641B9 /* Frameworks */,
				D7C22A5028CB3194008641B9 /* Resources */,
			);
			buildRules = (
			);
			dependencies = (
				D7C22A5428CB3194008641B9 /* PBXTargetDependency */,
			);
			name = tabbarUITests;
			productName = tabbarUITests;
			productReference = D7C22A5228CB3194008641B9 /* tabbarUITests.xctest */;
			productType = "com.apple.product-type.bundle.ui-testing";
		};
/* End PBXNativeTarget section */

/* Begin PBXProject section */
		D7C22A2A28CB3193008641B9 /* Project object */ = {
			isa = PBXProject;
			attributes = {
				BuildIndependentTargetsInParallel = 1;
				LastSwiftUpdateCheck = 1320;
				LastUpgradeCheck = 1320;
				TargetAttributes = {
					D7C22A3128CB3193008641B9 = {
						CreatedOnToolsVersion = 13.2.1;
					};
					D7C22A4728CB3194008641B9 = {
						CreatedOnToolsVersion = 13.2.1;
						TestTargetID = D7C22A3128CB3193008641B9;
					};
					D7C22A5128CB3194008641B9 = {
						CreatedOnToolsVersion = 13.2.1;
						TestTargetID = D7C22A3128CB3193008641B9;
					};
				};
			};
			buildConfigurationList = D7C22A2D28CB3193008641B9 /* Build configuration list for PBXProject "tabbar" */;
			compatibilityVersion = "Xcode 13.0";
			developmentRegion = en;
			hasScannedForEncodings = 0;
			knownRegions = (
				en,
				Base,
			);
			mainGroup = D7C22A2928CB3193008641B9;
			productRefGroup = D7C22A3328CB3193008641B9 /* Products */;
			projectDirPath = "";
			projectRoot = "";
			targets = (
				D7C22A3128CB3193008641B9 /* tabbar */,
				D7C22A4728CB3194008641B9 /* tabbarTests */,
				D7C22A5128CB3194008641B9 /* tabbarUITests */,
			);
		};
/* End PBXProject section */

/* Begin PBXResourcesBuildPhase section */
		D7C22A3028CB3193008641B9 /* Resources */ = {
			isa = PBXResourcesBuildPhase;
			buildActionMask = 2147483647;
			files = (
				D7C22A4228CB3194008641B9 /* LaunchScreen.storyboard in Resources */,
				D7C22A3F28CB3194008641B9 /* Assets.xcassets in Resources */,
				D7C22A3D28CB3193008641B9 /* Main.storyboard in Resources */,
			);
			runOnlyForDeploymentPostprocessing = 0;
		};
		D7C22A4628CB3194008641B9 /* Resources */ = {
			isa = PBXResourcesBuildPhase;
			buildActionMask = 2147483647;
			files = (
			);
			runOnlyForDeploymentPostprocessing = 0;
		};
		D7C22A5028CB3194008641B9 /* Resources */ = {
			isa = PBXResourcesBuildPhase;
			buildActionMask = 2147483647;
			files = (
			);
			runOnlyForDeploymentPostprocessing = 0;
		};
/* End PBXResourcesBuildPhase section */

/* Begin PBXSourcesBuildPhase section */
		D7C22A2E28CB3193008641B9 /* Sources */ = {
			isa = PBXSourcesBuildPhase;
			buildActionMask = 2147483647;
			files = (
				D7C22A3A28CB3193008641B9 /* ViewController.swift in Sources */,
				D7C22A3628CB3193008641B9 /* AppDelegate.swift in Sources */,
				D7C22A3828CB3193008641B9 /* SceneDelegate.swift in Sources */,
			);
			runOnlyForDeploymentPostprocessing = 0;
		};
		D7C22A4428CB3194008641B9 /* Sources */ = {
			isa = PBXSourcesBuildPhase;
			buildActionMask = 2147483647;
			files = (
				D7C22A4D28CB3194008641B9 /* tabbarTests.swift in Sources */,
			);
			runOnlyForDeploymentPostprocessing = 0;
		};
		D7C22A4E28CB3194008641B9 /* Sources */ = {
			isa = PBXSourcesBuildPhase;
			buildActionMask = 2147483647;
			files = (
				D7C22A5928CB3194008641B9 /* tabbarUITestsLaunchTests.swift in Sources */,
				D7C22A5728CB3194008641B9 /* tabbarUITests.swift in Sources */,
			);
			runOnlyForDeploymentPostprocessing = 0;
		};
/* End PBXSourcesBuildPhase section */

/* Begin PBXTargetDependency section */
		D7C22A4A28CB3194008641B9 /* PBXTargetDependency */ = {
			isa = PBXTargetDependency;
			target = D7C22A3128CB3193008641B9 /* tabbar */;
			targetProxy = D7C22A4928CB3194008641B9 /* PBXContainerItemProxy */;
		};
		D7C22A5428CB3194008641B9 /* PBXTargetDependency */ = {
			isa = PBXTargetDependency;
			target = D7C22A3128CB3193008641B9 /* tabbar */;
			targetProxy = D7C22A5328CB3194008641B9 /* PBXContainerItemProxy */;
		};
/* End PBXTargetDependency section */

/* Begin PBXVariantGroup section */
		D7C22A3B28CB3193008641B9 /* Main.storyboard */ = {
			isa = PBXVariantGroup;
			children = (
				D7C22A3C28CB3193008641B9 /* Base */,
			);
			name = Main.storyboard;
			sourceTree = "<group>";
		};
		D7C22A4028CB3194008641B9 /* LaunchScreen.storyboard */ = {
			isa = PBXVariantGroup;
			children = (
				D7C22A4128CB3194008641B9 /* Base */,
			);
			name = LaunchScreen.storyboard;
			sourceTree = "<group>";
		};
/* End PBXVariantGroup section */

/* Begin XCBuildConfiguration section */
		D7C22A5A28CB3194008641B9 /* Debug */ = {
			isa = XCBuildConfiguration;
			buildSettings = {
				ALWAYS_SEARCH_USER_PATHS = NO;
				CLANG_ANALYZER_NONNULL = YES;
				CLANG_ANALYZER_NUMBER_OBJECT_CONVERSION = YES_AGGRESSIVE;
				CLANG_CXX_LANGUAGE_STANDARD = "gnu++17";
				CLANG_CXX_LIBRARY = "libc++";
				CLANG_ENABLE_MODULES = YES;
				CLANG_ENABLE_OBJC_ARC = YES;
				CLANG_ENABLE_OBJC_WEAK = YES;
				CLANG_WARN_BLOCK_CAPTURE_AUTORELEASING = YES;
				CLANG_WARN_BOOL_CONVERSION = YES;
				CLANG_WARN_COMMA = YES;
				CLANG_WARN_CONSTANT_CONVERSION = YES;
				CLANG_WARN_DEPRECATED_OBJC_IMPLEMENTATIONS = YES;
				CLANG_WARN_DIRECT_OBJC_ISA_USAGE = YES_ERROR;
				CLANG_WARN_DOCUMENTATION_COMMENTS = YES;
				CLANG_WARN_EMPTY_BODY = YES;
				CLANG_WARN_ENUM_CONVERSION = YES;
				CLANG_WARN_INFINITE_RECURSION = YES;
				CLANG_WARN_INT_CONVERSION = YES;
				CLANG_WARN_NON_LITERAL_NULL_CONVERSION = YES;
				CLANG_WARN_OBJC_IMPLICIT_RETAIN_SELF = YES;
				CLANG_WARN_OBJC_LITERAL_CONVERSION = YES;
				CLANG_WARN_OBJC_ROOT_CLASS = YES_ERROR;
				CLANG_WARN_QUOTED_INCLUDE_IN_FRAMEWORK_HEADER = YES;
				CLANG_WARN_RANGE_LOOP_ANALYSIS = YES;
				CLANG_WARN_STRICT_PROTOTYPES = YES;
				CLANG_WARN_SUSPICIOUS_MOVE = YES;
				CLANG_WARN_UNGUARDED_AVAILABILITY = YES_AGGRESSIVE;
				CLANG_WARN_UNREACHABLE_CODE = YES;
				CLANG_WARN__DUPLICATE_METHOD_MATCH = YES;
				COPY_PHASE_STRIP = NO;
				DEBUG_INFORMATION_FORMAT = dwarf;
				ENABLE_STRICT_OBJC_MSGSEND = YES;
				ENABLE_TESTABILITY = YES;
				GCC_C_LANGUAGE_STANDARD = gnu11;
				GCC_DYNAMIC_NO_PIC = NO;
				GCC_NO_COMMON_BLOCKS = YES;
				GCC_OPTIMIZATION_LEVEL = 0;
				GCC_PREPROCESSOR_DEFINITIONS = (
					"DEBUG=1",
					"$(inherited)",
				);
				GCC_WARN_64_TO_32_BIT_CONVERSION = YES;
				GCC_WARN_ABOUT_RETURN_TYPE = YES_ERROR;
				GCC_WARN_UNDECLARED_SELECTOR = YES;
				GCC_WARN_UNINITIALIZED_AUTOS = YES_AGGRESSIVE;
				GCC_WARN_UNUSED_FUNCTION = YES;
				GCC_WARN_UNUSED_VARIABLE = YES;
				IPHONEOS_DEPLOYMENT_TARGET = 15.2;
				MTL_ENABLE_DEBUG_INFO = INCLUDE_SOURCE;
				MTL_FAST_MATH = YES;
				ONLY_ACTIVE_ARCH = YES;
				SDKROOT = iphoneos;
				SWIFT_ACTIVE_COMPILATION_CONDITIONS = DEBUG;
				SWIFT_OPTIMIZATION_LEVEL = "-Onone";
			};
			name = Debug;
		};
		D7C22A5B28CB3194008641B9 /* Release */ = {
			isa = XCBuildConfiguration;
			buildSettings = {
				ALWAYS_SEARCH_USER_PATHS = NO;
				CLANG_ANALYZER_NONNULL = YES;
				CLANG_ANALYZER_NUMBER_OBJECT_CONVERSION = YES_AGGRESSIVE;
				CLANG_CXX_LANGUAGE_STANDARD = "gnu++17";
				CLANG_CXX_LIBRARY = "libc++";
				CLANG_ENABLE_MODULES = YES;
				CLANG_ENABLE_OBJC_ARC = YES;
				CLANG_ENABLE_OBJC_WEAK = YES;
				CLANG_WARN_BLOCK_CAPTURE_AUTORELEASING = YES;
				CLANG_WARN_BOOL_CONVERSION = YES;
				CLANG_WARN_COMMA = YES;
				CLANG_WARN_CONSTANT_CONVERSION = YES;
				CLANG_WARN_DEPRECATED_OBJC_IMPLEMENTATIONS = YES;
				CLANG_WARN_DIRECT_OBJC_ISA_USAGE = YES_ERROR;
				CLANG_WARN_DOCUMENTATION_COMMENTS = YES;
				CLANG_WARN_EMPTY_BODY = YES;
				CLANG_WARN_ENUM_CONVERSION = YES;
				CLANG_WARN_INFINITE_RECURSION = YES;
				CLANG_WARN_INT_CONVERSION = YES;
				CLANG_WARN_NON_LITERAL_NULL_CONVERSION = YES;
				CLANG_WARN_OBJC_IMPLICIT_RETAIN_SELF = YES;
				CLANG_WARN_OBJC_LITERAL_CONVERSION = YES;
				CLANG_WARN_OBJC_ROOT_CLASS = YES_ERROR;
				CLANG_WARN_QUOTED_INCLUDE_IN_FRAMEWORK_HEADER = YES;
				CLANG_WARN_RANGE_LOOP_ANALYSIS = YES;
				CLANG_WARN_STRICT_PROTOTYPES = YES;
				CLANG_WARN_SUSPICIOUS_MOVE = YES;
				CLANG_WARN_UNGUARDED_AVAILABILITY = YES_AGGRESSIVE;
				CLANG_WARN_UNREACHABLE_CODE = YES;
				CLANG_WARN__DUPLICATE_METHOD_MATCH = YES;
				COPY_PHASE_STRIP = NO;
				DEBUG_INFORMATION_FORMAT = "dwarf-with-dsym";
				ENABLE_NS_ASSERTIONS = NO;
				ENABLE_STRICT_OBJC_MSGSEND = YES;
				GCC_C_LANGUAGE_STANDARD = gnu11;
				GCC_NO_COMMON_BLOCKS = YES;
				GCC_WARN_64_TO_32_BIT_CONVERSION = YES;
				GCC_WARN_ABOUT_RETURN_TYPE = YES_ERROR;
				GCC_WARN_UNDECLARED_SELECTOR = YES;
				GCC_WARN_UNINITIALIZED_AUTOS = YES_AGGRESSIVE;
				GCC_WARN_UNUSED_FUNCTION = YES;
				GCC_WARN_UNUSED_VARIABLE = YES;
				IPHONEOS_DEPLOYMENT_TARGET = 15.2;
				MTL_ENABLE_DEBUG_INFO = NO;
				MTL_FAST_MATH = YES;
				SDKROOT = iphoneos;
				SWIFT_COMPILATION_MODE = wholemodule;
				SWIFT_OPTIMIZATION_LEVEL = "-O";
				VALIDATE_PRODUCT = YES;
			};
			name = Release;
		};
		D7C22A5D28CB3194008641B9 /* Debug */ = {
			isa = XCBuildConfiguration;
			buildSettings = {
				ASSETCATALOG_COMPILER_APPICON_NAME = AppIcon;
				ASSETCATALOG_COMPILER_GLOBAL_ACCENT_COLOR_NAME = AccentColor;
				CODE_SIGN_STYLE = Automatic;
				CURRENT_PROJECT_VERSION = 1;
				GENERATE_INFOPLIST_FILE = YES;
				INFOPLIST_FILE = tabbar/Info.plist;
				INFOPLIST_KEY_UIApplicationSupportsIndirectInputEvents = YES;
				INFOPLIST_KEY_UILaunchStoryboardName = LaunchScreen;
				INFOPLIST_KEY_UIMainStoryboardFile = Main;
				INFOPLIST_KEY_UISupportedInterfaceOrientations_iPad = "UIInterfaceOrientationPortrait UIInterfaceOrientationPortraitUpsideDown UIInterfaceOrientationLandscapeLeft UIInterfaceOrientationLandscapeRight";
				INFOPLIST_KEY_UISupportedInterfaceOrientations_iPhone = "UIInterfaceOrientationPortrait UIInterfaceOrientationLandscapeLeft UIInterfaceOrientationLandscapeRight";
				LD_RUNPATH_SEARCH_PATHS = (
					"$(inherited)",
					"@executable_path/Frameworks",
				);
				MARKETING_VERSION = 1.0;
				PRODUCT_BUNDLE_IDENTIFIER = jayesh.rajole.tabbar;
				PRODUCT_NAME = "$(TARGET_NAME)";
				SWIFT_EMIT_LOC_STRINGS = YES;
				SWIFT_VERSION = 5.0;
				TARGETED_DEVICE_FAMILY = "1,2";
			};
			name = Debug;
		};
		D7C22A5E28CB3194008641B9 /* Release */ = {
			isa = XCBuildConfiguration;
			buildSettings = {
				ASSETCATALOG_COMPILER_APPICON_NAME = AppIcon;
				ASSETCATALOG_COMPILER_GLOBAL_ACCENT_COLOR_NAME = AccentColor;
				CODE_SIGN_STYLE = Automatic;
				CURRENT_PROJECT_VERSION = 1;
				GENERATE_INFOPLIST_FILE = YES;
				INFOPLIST_FILE = tabbar/Info.plist;
				INFOPLIST_KEY_UIApplicationSupportsIndirectInputEvents = YES;
				INFOPLIST_KEY_UILaunchStoryboardName = LaunchScreen;
				INFOPLIST_KEY_UIMainStoryboardFile = Main;
				INFOPLIST_KEY_UISupportedInterfaceOrientations_iPad = "UIInterfaceOrientationPortrait UIInterfaceOrientationPortraitUpsideDown UIInterfaceOrientationLandscapeLeft UIInterfaceOrientationLandscapeRight";
				INFOPLIST_KEY_UISupportedInterfaceOrientations_iPhone = "UIInterfaceOrientationPortrait UIInterfaceOrientationLandscapeLeft UIInterfaceOrientationLandscapeRight";
				LD_RUNPATH_SEARCH_PATHS = (
					"$(inherited)",
					"@executable_path/Frameworks",
				);
				MARKETING_VERSION = 1.0;
				PRODUCT_BUNDLE_IDENTIFIER = jayesh.rajole.tabbar;
				PRODUCT_NAME = "$(TARGET_NAME)";
				SWIFT_EMIT_LOC_STRINGS = YES;
				SWIFT_VERSION = 5.0;
				TARGETED_DEVICE_FAMILY = "1,2";
			};
			name = Release;
		};
		D7C22A6028CB3194008641B9 /* Debug */ = {
			isa = XCBuildConfiguration;
			buildSettings = {
				ALWAYS_EMBED_SWIFT_STANDARD_LIBRARIES = YES;
				BUNDLE_LOADER = "$(TEST_HOST)";
				CODE_SIGN_STYLE = Automatic;
				CURRENT_PROJECT_VERSION = 1;
				GENERATE_INFOPLIST_FILE = YES;
				IPHONEOS_DEPLOYMENT_TARGET = 15.2;
				MARKETING_VERSION = 1.0;
				PRODUCT_BUNDLE_IDENTIFIER = jayesh.rajole.tabbarTests;
				PRODUCT_NAME = "$(TARGET_NAME)";
				SWIFT_EMIT_LOC_STRINGS = NO;
				SWIFT_VERSION = 5.0;
				TARGETED_DEVICE_FAMILY = "1,2";
				TEST_HOST = "$(BUILT_PRODUCTS_DIR)/tabbar.app/tabbar";
			};
			name = Debug;
		};
		D7C22A6128CB3194008641B9 /* Release */ = {
			isa = XCBuildConfiguration;
			buildSettings = {
				ALWAYS_EMBED_SWIFT_STANDARD_LIBRARIES = YES;
				BUNDLE_LOADER = "$(TEST_HOST)";
				CODE_SIGN_STYLE = Automatic;
				CURRENT_PROJECT_VERSION = 1;
				GENERATE_INFOPLIST_FILE = YES;
				IPHONEOS_DEPLOYMENT_TARGET = 15.2;
				MARKETING_VERSION = 1.0;
				PRODUCT_BUNDLE_IDENTIFIER = jayesh.rajole.tabbarTests;
				PRODUCT_NAME = "$(TARGET_NAME)";
				SWIFT_EMIT_LOC_STRINGS = NO;
				SWIFT_VERSION = 5.0;
				TARGETED_DEVICE_FAMILY = "1,2";
				TEST_HOST = "$(BUILT_PRODUCTS_DIR)/tabbar.app/tabbar";
			};
			name = Release;
		};
		D7C22A6328CB3194008641B9 /* Debug */ = {
			isa = XCBuildConfiguration;
			buildSettings = {
				ALWAYS_EMBED_SWIFT_STANDARD_LIBRARIES = YES;
				CODE_SIGN_STYLE = Automatic;
				CURRENT_PROJECT_VERSION = 1;
				GENERATE_INFOPLIST_FILE = YES;
				MARKETING_VERSION = 1.0;
				PRODUCT_BUNDLE_IDENTIFIER = jayesh.rajole.tabbarUITests;
				PRODUCT_NAME = "$(TARGET_NAME)";
				SWIFT_EMIT_LOC_STRINGS = NO;
				SWIFT_VERSION = 5.0;
				TARGETED_DEVICE_FAMILY = "1,2";
				TEST_TARGET_NAME = tabbar;
			};
			name = Debug;
		};
		D7C22A6428CB3194008641B9 /* Release */ = {
			isa = XCBuildConfiguration;
			buildSettings = {
				ALWAYS_EMBED_SWIFT_STANDARD_LIBRARIES = YES;
				CODE_SIGN_STYLE = Automatic;
				CURRENT_PROJECT_VERSION = 1;
				GENERATE_INFOPLIST_FILE = YES;
				MARKETING_VERSION = 1.0;
				PRODUCT_BUNDLE_IDENTIFIER = jayesh.rajole.tabbarUITests;
				PRODUCT_NAME = "$(TARGET_NAME)";
				SWIFT_EMIT_LOC_STRINGS = NO;
				SWIFT_VERSION = 5.0;
				TARGETED_DEVICE_FAMILY = "1,2";
				TEST_TARGET_NAME = tabbar;
			};
			name = Release;
		};
/* End XCBuildConfiguration section */

/* Begin XCConfigurationList section */
		D7C22A2D28CB3193008641B9 /* Build configuration list for PBXProject "tabbar" */ = {
			isa = XCConfigurationList;
			buildConfigurations = (
				D7C22A5A28CB3194008641B9 /* Debug */,
				D7C22A5B28CB3194008641B9 /* Release */,
			);
			defaultConfigurationIsVisible = 0;
			defaultConfigurationName = Release;
		};
		D7C22A5C28CB3194008641B9 /* Build configuration list for PBXNativeTarget "tabbar" */ = {
			isa = XCConfigurationList;
			buildConfigurations = (
				D7C22A5D28CB3194008641B9 /* Debug */,
				D7C22A5E28CB3194008641B9 /* Release */,
			);
			defaultConfigurationIsVisible = 0;
			defaultConfigurationName = Release;
		};
		D7C22A5F28CB3194008641B9 /* Build configuration list for PBXNativeTarget "tabbarTests" */ = {
			isa = XCConfigurationList;
			buildConfigurations = (
				D7C22A6028CB3194008641B9 /* Debug */,
				D7C22A6128CB3194008641B9 /* Release */,
			);
			defaultConfigurationIsVisible = 0;
			defaultConfigurationName = Release;
		};
		D7C22A6228CB3194008641B9 /* Build configuration list for PBXNativeTarget "tabbarUITests" */ = {
			isa = XCConfigurationList;
			buildConfigurations = (
				D7C22A6328CB3194008641B9 /* Debug */,
				D7C22A6428CB3194008641B9 /* Release */,
			);
			defaultConfigurationIsVisible = 0;
			defaultConfigurationName = Release;
		};
/* End XCConfigurationList section */
	};
	rootObject = D7C22A2A28CB3193008641B9 /* Project object */;
}
